
Microsoft Visual Studio Solution File, Format Version 12.00
# Visual Studio 15
VisualStudioVersion = 15.0.28307.757
MinimumVisualStudioVersion = 10.0.40219.1
Project("{8BC9CEB8-8B4A-11D0-8D11-00A0C91BC942}") = "Cuenta", "Cuenta\Cuenta.vcxproj", "{FE339C20-70B0-410C-8D5E-B690FE4B8F8D}"
EndProject
Global
	GlobalSection(SolutionConfigurationPlatforms) = preSolution
		Debug|x64 = Debug|x64
		Debug|x86 = Debug|x86
		Release|x64 = Release|x64
		Release|x86 = Release|x86
	EndGlobalSection
	GlobalSection(ProjectConfigurationPlatforms) = postSolution
		{FE339C20-70B0-410C-8D5E-B690FE4B8F8D}.Debug|x64.ActiveCfg = Debug|x64
		{FE339C20-70B0-410C-8D5E-B690FE4B8F8D}.Debug|x64.Build.0 = Debug|x64
		{FE339C20-70B0-410C-8D5E-B690FE4B8F8D}.Debug|x86.ActiveCfg = Debug|Win32
		{FE339C20-70B0-410C-8D5E-B690FE4B8F8D}.Debug|x86.Build.0 = Debug|Win32
		{FE339C20-70B0-410C-8D5E-B690FE4B8F8D}.Release|x64.ActiveCfg = Release|x64
		{FE339C20-70B0-410C-8D5E-B690FE4B8F8D}.Release|x64.Build.0 = Release|x64
		{FE339C20-70B0-410C-8D5E-B690FE4B8F8D}.Release|x86.ActiveCfg = Release|Win32
		{FE339C20-70B0-410C-8D5E-B690FE4B8F8D}.Release|x86.Build.0 = Release|Win32
	EndGlobalSection
	GlobalSection(SolutionProperties) = preSolution
		HideSolutionNode = FALSE
	EndGlobalSection
	GlobalSection(ExtensibilityGlobals) = postSolution
		SolutionGuid = {6311E04B-FBCF-4B2F-8CAA-116D362E5F47}
	EndGlobalSection
EndGlobal
